
Microsoft Visual Studio Solution File, Format Version 12.00
# Visual Studio Version 16
VisualStudioVersion = 16.0.30717.126
MinimumVisualStudioVersion = 10.0.40219.1
Project("{888888A0-9F3D-457C-B088-3A5042F75D52}") = "ODS", "ODS\ODS.pyproj", "{D0191D00-9C57-4684-9571-43C9FA4EA28D}"
EndProject
Global
	GlobalSection(SolutionConfigurationPlatforms) = preSolution
		Debug|Any CPU = Debug|Any CPU
		Release|Any CPU = Release|Any CPU
	EndGlobalSection
	GlobalSection(ProjectConfigurationPlatforms) = postSolution
		{D0191D00-9C57-4684-9571-43C9FA4EA28D}.Debug|Any CPU.ActiveCfg = Debug|Any CPU
		{D0191D00-9C57-4684-9571-43C9FA4EA28D}.Release|Any CPU.ActiveCfg = Release|Any CPU
	EndGlobalSection
	GlobalSection(SolutionProperties) = preSolution
		HideSolutionNode = FALSE
	EndGlobalSection
	GlobalSection(ExtensibilityGlobals) = postSolution
		SolutionGuid = {0B5714AD-8D36-4DED-9D7A-F720D4BE5633}
	EndGlobalSection
EndGlobal
